// !$*UTF8*$!
{
	archiveVersion = 1;
	classes = {
	};
	objectVersion = 46;
	objects = {

/* Begin PBXFileReference section */
		B51728981D0492D50042AD19 /* StringConversion.asm */ = {isa = PBXFileReference; lastKnownFileType = sourcecode.asm.asm; path = StringConversion.asm; sourceTree = "<group>"; };
		B5190BA61CFB53830004828D /* Interface.s */ = {isa = PBXFileReference; lastKnownFileType = sourcecode.asm; path = Interface.s; sourceTree = "<group>"; xcLanguageSpecificationIdentifier = xcode.lang.asm.arm; };
		B5190BA71CFB540A0004828D /* Variables.inc */ = {isa = PBXFileReference; fileEncoding = 4; lastKnownFileType = sourcecode.pascal; path = Variables.inc; sourceTree = "<group>"; xcLanguageSpecificationIdentifier = xcode.lang.asm.arm; };
		B529FF7B1CDAB07A0044D8BB /* TempSong.asm */ = {isa = PBXFileReference; fileEncoding = 4; lastKnownFileType = sourcecode.asm.asm; path = TempSong.asm; sourceTree = "<group>"; };
		B54332071CF4FF0400A8642C /* StringPrint.asm */ = {isa = PBXFileReference; lastKnownFileType = sourcecode.asm.asm; name = StringPrint.asm; path = Strings/StringPrint.asm; sourceTree = SOURCE_ROOT; xcLanguageSpecificationIdentifier = xcode.lang.asm.arm; };
		B54332081CF4FF6900A8642C /* TextBox.asm */ = {isa = PBXFileReference; lastKnownFileType = sourcecode.asm.asm; path = TextBox.asm; sourceTree = "<group>"; xcLanguageSpecificationIdentifier = xcode.lang.asm.arm; };
		B585234A1D1ECDA3009C9DC4 /* OverworldGameLoop.asm */ = {isa = PBXFileReference; fileEncoding = 4; lastKnownFileType = sourcecode.asm.asm; path = OverworldGameLoop.asm; sourceTree = "<group>"; xcLanguageSpecificationIdentifier = xcode.lang.asm.arm; };
		B599ADC51C4182CE005C2B67 /* Main.asm */ = {isa = PBXFileReference; lastKnownFileType = sourcecode.asm.asm; path = Main.asm; sourceTree = "<group>"; xcLanguageSpecificationIdentifier = xcode.lang.asm.arm; };
		B599ADC61C4182CE005C2B67 /* charmap.inc */ = {isa = PBXFileReference; lastKnownFileType = sourcecode.pascal; path = charmap.inc; sourceTree = "<group>"; };
		B599ADC71C4182CE005C2B67 /* Header.asm */ = {isa = PBXFileReference; lastKnownFileType = sourcecode.asm.asm; path = Header.asm; sourceTree = "<group>"; xcLanguageSpecificationIdentifier = xcode.lang.asm.arm; };
		B599ADC81C4182CE005C2B67 /* IncompatibleGB.asm */ = {isa = PBXFileReference; lastKnownFileType = sourcecode.asm.asm; path = IncompatibleGB.asm; sourceTree = "<group>"; xcLanguageSpecificationIdentifier = xcode.lang.asm.ppc; };
		B599ADCB1C4182CE005C2B67 /* AddSub1.inc */ = {isa = PBXFileReference; lastKnownFileType = sourcecode.pascal; path = AddSub1.inc; sourceTree = "<group>"; };
		B599ADCC1C4182CE005C2B67 /* Hardware.inc */ = {isa = PBXFileReference; lastKnownFileType = sourcecode.pascal; path = Hardware.inc; sourceTree = "<group>"; };
		B599ADCD1C4182CE005C2B67 /* Pucrunch.asm */ = {isa = PBXFileReference; lastKnownFileType = sourcecode.asm.asm; path = Pucrunch.asm; sourceTree = "<group>"; xcLanguageSpecificationIdentifier = xcode.lang.asm.arm; };
		B599ADCE1C4182CE005C2B67 /* Shift.inc */ = {isa = PBXFileReference; lastKnownFileType = sourcecode.pascal; path = Shift.inc; sourceTree = "<group>"; };
		B599ADD01C4182CE005C2B67 /* Engine.asm */ = {isa = PBXFileReference; lastKnownFileType = sourcecode.asm.asm; path = Engine.asm; sourceTree = "<group>"; xcLanguageSpecificationIdentifier = xcode.lang.asm.arm; };
		B599ADD11C4182CE005C2B67 /* FrequencyTable */ = {isa = PBXFileReference; lastKnownFileType = file; path = FrequencyTable; sourceTree = "<group>"; };
		B599ADD21C4182CE005C2B67 /* Macros.inc */ = {isa = PBXFileReference; lastKnownFileType = sourcecode.pascal; path = Macros.inc; sourceTree = "<group>"; xcLanguageSpecificationIdentifier = xcode.lang.asm.arm; };
		B59EE8221DC56038003670A7 /* Ben10doIntro.asm */ = {isa = PBXFileReference; lastKnownFileType = sourcecode.asm.asm; path = Ben10doIntro.asm; sourceTree = "<group>"; xcLanguageSpecificationIdentifier = xcode.lang.asm.arm; };
		B5AB38C11CF211F700B8B02C /* makefile */ = {isa = PBXFileReference; fileEncoding = 4; lastKnownFileType = sourcecode.make; path = makefile; sourceTree = "<group>"; usesTabs = 1; xcLanguageSpecificationIdentifier = xcode.lang.sh; };
		B5AB38C21CF21B7B00B8B02C /* Ben10doScreen.asm */ = {isa = PBXFileReference; lastKnownFileType = sourcecode.asm.asm; path = Ben10doScreen.asm; sourceTree = "<group>"; xcLanguageSpecificationIdentifier = xcode.lang.asm.arm; };
		B5AB38C51CF228EF00B8B02C /* SubroutineMacros.inc */ = {isa = PBXFileReference; fileEncoding = 4; lastKnownFileType = sourcecode.pascal; path = SubroutineMacros.inc; sourceTree = "<group>"; xcLanguageSpecificationIdentifier = xcode.lang.asm.arm; };
		B5AB38C61CF22CEC00B8B02C /* 16-bitMacros.inc */ = {isa = PBXFileReference; fileEncoding = 4; lastKnownFileType = sourcecode.pascal; path = "16-bitMacros.inc"; sourceTree = "<group>"; };
		B5AB38C71CF22F0500B8B02C /* StringMacros.inc */ = {isa = PBXFileReference; fileEncoding = 4; lastKnownFileType = sourcecode.pascal; path = StringMacros.inc; sourceTree = "<group>"; };
		B5AB38C81CF247DA00B8B02C /* Ben10doLogoTiles */ = {isa = PBXFileReference; fileEncoding = 4; lastKnownFileType = text; path = Ben10doLogoTiles; sourceTree = "<group>"; };
		B5AF65891CDD39F60076ADC2 /* AzeleaTownTest.asm */ = {isa = PBXFileReference; lastKnownFileType = sourcecode.asm.asm; path = AzeleaTownTest.asm; sourceTree = "<group>"; xcLanguageSpecificationIdentifier = xcode.lang.asm.arm; };
		B5B03C471D00EEBC00DDD350 /* AssemblyString.asm */ = {isa = PBXFileReference; lastKnownFileType = sourcecode.asm.asm; path = AssemblyString.asm; sourceTree = "<group>"; };
		B5B74CC71D1AD44D00188B7B /* Chord.bin */ = {isa = PBXFileReference; lastKnownFileType = archive.macbinary; path = Chord.bin; sourceTree = "<group>"; };
		B5B74CC81D1AE8AC00188B7B /* Idea0906.asm */ = {isa = PBXFileReference; lastKnownFileType = sourcecode.asm.asm; path = Idea0906.asm; sourceTree = "<group>"; xcLanguageSpecificationIdentifier = xcode.lang.asm.arm; };
		B5BE2CD31C6E3FC800A0F391 /* MusicPointers.asm */ = {isa = PBXFileReference; lastKnownFileType = sourcecode.asm.asm; path = MusicPointers.asm; sourceTree = "<group>"; xcLanguageSpecificationIdentifier = xcode.lang.asm.arm; };
		B5BE2CD41C6E4C6C00A0F391 /* Subroutines.asm */ = {isa = PBXFileReference; lastKnownFileType = sourcecode.asm.asm; path = Subroutines.asm; sourceTree = "<group>"; };
		B5D067F01D0717BD00D443A3 /* SamplePointers.asm */ = {isa = PBXFileReference; fileEncoding = 4; lastKnownFileType = sourcecode.asm.asm; path = SamplePointers.asm; sourceTree = "<group>"; };
		B5D067F21D071E1800D443A3 /* Luc.bin */ = {isa = PBXFileReference; explicitFileType = compiled; path = Luc.bin; sourceTree = "<group>"; };
		B5D067F41D071E9600D443A3 /* SampleData.asm */ = {isa = PBXFileReference; lastKnownFileType = sourcecode.asm.asm; name = SampleData.asm; path = Banks/SampleData.asm; sourceTree = "<group>"; };
		B5D067F51D07676800D443A3 /* SamplePlayer.asm */ = {isa = PBXFileReference; fileEncoding = 4; lastKnownFileType = sourcecode.asm.asm; path = SamplePlayer.asm; sourceTree = "<group>"; };
		B5F694AD1DAA8E8A0037861F /* Prompts.asm */ = {isa = PBXFileReference; lastKnownFileType = sourcecode.asm.asm; path = Prompts.asm; sourceTree = "<group>"; xcLanguageSpecificationIdentifier = xcode.lang.asm.arm; };
/* End PBXFileReference section */

/* Begin PBXGroup section */
		B54332061CF4FEC400A8642C /* Strings */ = {
			isa = PBXGroup;
			children = (
				B5AB38C71CF22F0500B8B02C /* StringMacros.inc */,
				B599ADC61C4182CE005C2B67 /* charmap.inc */,
				B54332071CF4FF0400A8642C /* StringPrint.asm */,
				B54332081CF4FF6900A8642C /* TextBox.asm */,
				B5F694AD1DAA8E8A0037861F /* Prompts.asm */,
				B51728981D0492D50042AD19 /* StringConversion.asm */,
			);
			path = Strings;
			sourceTree = "<group>";
		};
		B5520BD51C6F95A1004B4575 /* Music */ = {
			isa = PBXGroup;
			children = (
				B529FF7B1CDAB07A0044D8BB /* TempSong.asm */,
				B5AF65891CDD39F60076ADC2 /* AzeleaTownTest.asm */,
				B59EE8221DC56038003670A7 /* Ben10doIntro.asm */,
				B5B74CC81D1AE8AC00188B7B /* Idea0906.asm */,
			);
			path = Music;
			sourceTree = "<group>";
		};
		B599ADBA1C4181CF005C2B67 = {
			isa = PBXGroup;
			children = (
				B5AB38C11CF211F700B8B02C /* makefile */,
				B599ADC51C4182CE005C2B67 /* Main.asm */,
				B585234A1D1ECDA3009C9DC4 /* OverworldGameLoop.asm */,
				B5B03C471D00EEBC00DDD350 /* AssemblyString.asm */,
				B5AB38C21CF21B7B00B8B02C /* Ben10doScreen.asm */,
				B5AB38C51CF228EF00B8B02C /* SubroutineMacros.inc */,
				B5BE2CD41C6E4C6C00A0F391 /* Subroutines.asm */,
				B599ADC71C4182CE005C2B67 /* Header.asm */,
				B599ADC81C4182CE005C2B67 /* IncompatibleGB.asm */,
				B599ADC91C4182CE005C2B67 /* lib */,
				B599ADCF1C4182CE005C2B67 /* Sound */,
				B54332061CF4FEC400A8642C /* Strings */,
				B5AB38C31CF21B8C00B8B02C /* Graphics */,
			);
			sourceTree = "<group>";
		};
		B599ADC91C4182CE005C2B67 /* lib */ = {
			isa = PBXGroup;
			children = (
				B599ADCB1C4182CE005C2B67 /* AddSub1.inc */,
				B599ADCC1C4182CE005C2B67 /* Hardware.inc */,
				B5AB38C61CF22CEC00B8B02C /* 16-bitMacros.inc */,
				B599ADCD1C4182CE005C2B67 /* Pucrunch.asm */,
				B599ADCE1C4182CE005C2B67 /* Shift.inc */,
			);
			path = lib;
			sourceTree = "<group>";
		};
		B599ADCF1C4182CE005C2B67 /* Sound */ = {
			isa = PBXGroup;
			children = (
				B5520BD51C6F95A1004B4575 /* Music */,
				B5D067EF1D07175D00D443A3 /* Samples */,
				B599ADD01C4182CE005C2B67 /* Engine.asm */,
				B5190BA71CFB540A0004828D /* Variables.inc */,
				B5190BA61CFB53830004828D /* Interface.s */,
				B5BE2CD31C6E3FC800A0F391 /* MusicPointers.asm */,
				B599ADD11C4182CE005C2B67 /* FrequencyTable */,
				B599ADD21C4182CE005C2B67 /* Macros.inc */,
			);
			path = Sound;
			sourceTree = "<group>";
		};
		B5AB38C31CF21B8C00B8B02C /* Graphics */ = {
			isa = PBXGroup;
			children = (
				B5AB38C81CF247DA00B8B02C /* Ben10doLogoTiles */,
			);
			path = Graphics;
			sourceTree = "<group>";
		};
		B5D067EF1D07175D00D443A3 /* Samples */ = {
			isa = PBXGroup;
			children = (
				B5D067F11D071DA600D443A3 /* Data */,
				B5D067F41D071E9600D443A3 /* SampleData.asm */,
				B5D067F01D0717BD00D443A3 /* SamplePointers.asm */,
				B5D067F51D07676800D443A3 /* SamplePlayer.asm */,
			);
			path = Samples;
			sourceTree = "<group>";
		};
		B5D067F11D071DA600D443A3 /* Data */ = {
			isa = PBXGroup;
			children = (
				B5D067F21D071E1800D443A3 /* Luc.bin */,
				B5B74CC71D1AD44D00188B7B /* Chord.bin */,
			);
			path = Data;
			sourceTree = "<group>";
		};
/* End PBXGroup section */

/* Begin PBXLegacyTarget section */
		B599ADBF1C4181CF005C2B67 /* Foundations */ = {
			isa = PBXLegacyTarget;
			buildArgumentsString = "";
			buildConfigurationList = B599ADC21C4181CF005C2B67 /* Build configuration list for PBXLegacyTarget "Foundations" */;
			buildPhases = (
			);
			buildToolPath = /usr/bin/make;
			buildWorkingDirectory = "";
			dependencies = (
			);
			name = Foundations;
			passBuildSettingsInEnvironment = 1;
			productName = Foundations;
		};
/* End PBXLegacyTarget section */

/* Begin PBXProject section */
		B599ADBB1C4181CF005C2B67 /* Project object */ = {
			isa = PBXProject;
			attributes = {
				LastUpgradeCheck = 0720;
				ORGANIZATIONNAME = Ben10do;
				TargetAttributes = {
					B599ADBF1C4181CF005C2B67 = {
						CreatedOnToolsVersion = 7.2;
					};
				};
			};
			buildConfigurationList = B599ADBE1C4181CF005C2B67 /* Build configuration list for PBXProject "Foundations" */;
			compatibilityVersion = "Xcode 3.2";
			developmentRegion = English;
			hasScannedForEncodings = 0;
			knownRegions = (
				en,
			);
			mainGroup = B599ADBA1C4181CF005C2B67;
			projectDirPath = "";
			projectRoot = "";
			targets = (
				B599ADBF1C4181CF005C2B67 /* Foundations */,
			);
		};
/* End PBXProject section */

/* Begin XCBuildConfiguration section */
		B599ADC01C4181CF005C2B67 /* Debug */ = {
			isa = XCBuildConfiguration;
			buildSettings = {
				ALWAYS_SEARCH_USER_PATHS = NO;
				CLANG_CXX_LANGUAGE_STANDARD = "gnu++0x";
				CLANG_CXX_LIBRARY = "libc++";
				CLANG_ENABLE_MODULES = YES;
				CLANG_ENABLE_OBJC_ARC = YES;
				CLANG_WARN_BOOL_CONVERSION = YES;
				CLANG_WARN_CONSTANT_CONVERSION = YES;
				CLANG_WARN_DIRECT_OBJC_ISA_USAGE = YES_ERROR;
				CLANG_WARN_EMPTY_BODY = YES;
				CLANG_WARN_ENUM_CONVERSION = YES;
				CLANG_WARN_INT_CONVERSION = YES;
				CLANG_WARN_OBJC_ROOT_CLASS = YES_ERROR;
				CLANG_WARN_UNREACHABLE_CODE = YES;
				CLANG_WARN__DUPLICATE_METHOD_MATCH = YES;
				COPY_PHASE_STRIP = NO;
				DEBUG_INFORMATION_FORMAT = dwarf;
				ENABLE_STRICT_OBJC_MSGSEND = YES;
				ENABLE_TESTABILITY = YES;
				GCC_C_LANGUAGE_STANDARD = gnu99;
				GCC_DYNAMIC_NO_PIC = NO;
				GCC_NO_COMMON_BLOCKS = YES;
				GCC_OPTIMIZATION_LEVEL = 0;
				GCC_PREPROCESSOR_DEFINITIONS = (
					"DEBUG=1",
					"$(inherited)",
				);
				GCC_WARN_64_TO_32_BIT_CONVERSION = YES;
				GCC_WARN_ABOUT_RETURN_TYPE = YES_ERROR;
				GCC_WARN_UNDECLARED_SELECTOR = YES;
				GCC_WARN_UNINITIALIZED_AUTOS = YES_AGGRESSIVE;
				GCC_WARN_UNUSED_FUNCTION = YES;
				GCC_WARN_UNUSED_VARIABLE = YES;
				MTL_ENABLE_DEBUG_INFO = YES;
				ONLY_ACTIVE_ARCH = YES;
			};
			name = Debug;
		};
		B599ADC11C4181CF005C2B67 /* Release */ = {
			isa = XCBuildConfiguration;
			buildSettings = {
				ALWAYS_SEARCH_USER_PATHS = NO;
				CLANG_CXX_LANGUAGE_STANDARD = "gnu++0x";
				CLANG_CXX_LIBRARY = "libc++";
				CLANG_ENABLE_MODULES = YES;
				CLANG_ENABLE_OBJC_ARC = YES;
				CLANG_WARN_BOOL_CONVERSION = YES;
				CLANG_WARN_CONSTANT_CONVERSION = YES;
				CLANG_WARN_DIRECT_OBJC_ISA_USAGE = YES_ERROR;
				CLANG_WARN_EMPTY_BODY = YES;
				CLANG_WARN_ENUM_CONVERSION = YES;
				CLANG_WARN_INT_CONVERSION = YES;
				CLANG_WARN_OBJC_ROOT_CLASS = YES_ERROR;
				CLANG_WARN_UNREACHABLE_CODE = YES;
				CLANG_WARN__DUPLICATE_METHOD_MATCH = YES;
				COPY_PHASE_STRIP = NO;
				DEBUG_INFORMATION_FORMAT = "dwarf-with-dsym";
				ENABLE_NS_ASSERTIONS = NO;
				ENABLE_STRICT_OBJC_MSGSEND = YES;
				GCC_C_LANGUAGE_STANDARD = gnu99;
				GCC_NO_COMMON_BLOCKS = YES;
				GCC_WARN_64_TO_32_BIT_CONVERSION = YES;
				GCC_WARN_ABOUT_RETURN_TYPE = YES_ERROR;
				GCC_WARN_UNDECLARED_SELECTOR = YES;
				GCC_WARN_UNINITIALIZED_AUTOS = YES_AGGRESSIVE;
				GCC_WARN_UNUSED_FUNCTION = YES;
				GCC_WARN_UNUSED_VARIABLE = YES;
				MTL_ENABLE_DEBUG_INFO = NO;
			};
			name = Release;
		};
		B599ADC31C4181CF005C2B67 /* Debug */ = {
			isa = XCBuildConfiguration;
			buildSettings = {
				DEBUGGING_SYMBOLS = YES;
				DEBUG_INFORMATION_FORMAT = dwarf;
				GCC_GENERATE_DEBUGGING_SYMBOLS = YES;
				GCC_OPTIMIZATION_LEVEL = 0;
				OTHER_CFLAGS = "";
				OTHER_LDFLAGS = "";
				PRODUCT_NAME = "$(TARGET_NAME)";
			};
			name = Debug;
		};
		B599ADC41C4181CF005C2B67 /* Release */ = {
			isa = XCBuildConfiguration;
			buildSettings = {
				DEBUG_INFORMATION_FORMAT = "dwarf-with-dsym";
				OTHER_CFLAGS = "";
				OTHER_LDFLAGS = "";
				PRODUCT_NAME = "$(TARGET_NAME)";
			};
			name = Release;
		};
/* End XCBuildConfiguration section */

/* Begin XCConfigurationList section */
		B599ADBE1C4181CF005C2B67 /* Build configuration list for PBXProject "Foundations" */ = {
			isa = XCConfigurationList;
			buildConfigurations = (
				B599ADC01C4181CF005C2B67 /* Debug */,
				B599ADC11C4181CF005C2B67 /* Release */,
			);
			defaultConfigurationIsVisible = 0;
			defaultConfigurationName = Release;
		};
		B599ADC21C4181CF005C2B67 /* Build configuration list for PBXLegacyTarget "Foundations" */ = {
			isa = XCConfigurationList;
			buildConfigurations = (
				B599ADC31C4181CF005C2B67 /* Debug */,
				B599ADC41C4181CF005C2B67 /* Release */,
			);
			defaultConfigurationIsVisible = 0;
			defaultConfigurationName = Release;
		};
/* End XCConfigurationList section */
	};
	rootObject = B599ADBB1C4181CF005C2B67 /* Project object */;
}
